
Microsoft Visual Studio Solution File, Format Version 12.00
# Visual Studio Version 17
VisualStudioVersion = 17.3.32922.545
MinimumVisualStudioVersion = 10.0.40219.1
Project("{FAE04EC0-301F-11D3-BF4B-00C04F79EFBC}") = "MagicSquareConsoleApp", "MagicSquareConsoleApp.csproj", "{949A2E64-BE33-4C95-8006-3AF0596CE176}"
EndProject
Global
	GlobalSection(SolutionConfigurationPlatforms) = preSolution
		Debug|Any CPU = Debug|Any CPU
		Release|Any CPU = Release|Any CPU
	EndGlobalSection
	GlobalSection(ProjectConfigurationPlatforms) = postSolution
		{949A2E64-BE33-4C95-8006-3AF0596CE176}.Debug|Any CPU.ActiveCfg = Debug|Any CPU
		{949A2E64-BE33-4C95-8006-3AF0596CE176}.Debug|Any CPU.Build.0 = Debug|Any CPU
		{949A2E64-BE33-4C95-8006-3AF0596CE176}.Release|Any CPU.ActiveCfg = Release|Any CPU
		{949A2E64-BE33-4C95-8006-3AF0596CE176}.Release|Any CPU.Build.0 = Release|Any CPU
	EndGlobalSection
	GlobalSection(SolutionProperties) = preSolution
		HideSolutionNode = FALSE
	EndGlobalSection
	GlobalSection(ExtensibilityGlobals) = postSolution
		SolutionGuid = {AFA185E8-3F2B-4FA7-B658-0919626BE29C}
	EndGlobalSection
EndGlobal
